
Microsoft Visual Studio Solution File, Format Version 12.00
# Visual Studio Version 17
VisualStudioVersion = 17.13.35931.197 d17.13
MinimumVisualStudioVersion = 10.0.40219.1
Project("{8BC9CEB8-8B4A-11D0-8D11-00A0C91BC942}") = "JZQHT", "JZQHT\JZQHT.vcxproj", "{A5088AED-EAA7-4FE6-8455-6C2D9368F981}"
EndProject
Global
	GlobalSection(SolutionConfigurationPlatforms) = preSolution
		Debug|x64 = Debug|x64
		Debug|x86 = Debug|x86
		Release|x64 = Release|x64
		Release|x86 = Release|x86
	EndGlobalSection
	GlobalSection(ProjectConfigurationPlatforms) = postSolution
		{A5088AED-EAA7-4FE6-8455-6C2D9368F981}.Debug|x64.ActiveCfg = Debug|x64
		{A5088AED-EAA7-4FE6-8455-6C2D9368F981}.Debug|x64.Build.0 = Debug|x64
		{A5088AED-EAA7-4FE6-8455-6C2D9368F981}.Debug|x86.ActiveCfg = Debug|Win32
		{A5088AED-EAA7-4FE6-8455-6C2D9368F981}.Debug|x86.Build.0 = Debug|Win32
		{A5088AED-EAA7-4FE6-8455-6C2D9368F981}.Release|x64.ActiveCfg = Release|x64
		{A5088AED-EAA7-4FE6-8455-6C2D9368F981}.Release|x64.Build.0 = Release|x64
		{A5088AED-EAA7-4FE6-8455-6C2D9368F981}.Release|x86.ActiveCfg = Release|Win32
		{A5088AED-EAA7-4FE6-8455-6C2D9368F981}.Release|x86.Build.0 = Release|Win32
	EndGlobalSection
	GlobalSection(SolutionProperties) = preSolution
		HideSolutionNode = FALSE
	EndGlobalSection
	GlobalSection(ExtensibilityGlobals) = postSolution
		SolutionGuid = {E25F1797-6C06-4CF8-97E2-6D664E0C39A2}
	EndGlobalSection
EndGlobal
